
Microsoft Visual Studio Solution File, Format Version 12.00
# Visual Studio 15
VisualStudioVersion = 15.0.28307.168
MinimumVisualStudioVersion = 10.0.40219.1
Project("{8BC9CEB8-8B4A-11D0-8D11-00A0C91BC942}") = "BK", "BK\BK.vcxproj", "{89F58DA3-08A4-467E-8069-451083EE41BD}"
	ProjectSection(ProjectDependencies) = postProject
		{EFFB1635-FAF9-4EC3-910B-BC127381A155} = {EFFB1635-FAF9-4EC3-910B-BC127381A155}
		{C0C95037-1A91-4C2E-A82C-DC3ACE81AC27} = {C0C95037-1A91-4C2E-A82C-DC3ACE81AC27}
		{797A7F47-86C1-4E7A-9196-D838DD00EC03} = {797A7F47-86C1-4E7A-9196-D838DD00EC03}
		{FE7BBD67-1CF6-44D0-A689-7E70EA74591E} = {FE7BBD67-1CF6-44D0-A689-7E70EA74591E}
		{437735A9-B81C-44AD-92EF-22B51674CD9A} = {437735A9-B81C-44AD-92EF-22B51674CD9A}
		{3427EDFC-2F49-49EC-A7E1-9C93E785B14F} = {3427EDFC-2F49-49EC-A7E1-9C93E785B14F}
		{011499FE-3378-42D0-9EBA-6C82BFA2EA6B} = {011499FE-3378-42D0-9EBA-6C82BFA2EA6B}
	EndProjectSection
EndProject
Project("{8BC9CEB8-8B4A-11D0-8D11-00A0C91BC942}") = "HDDImgMaker", "HDDImgMaker\HDDImgMaker.vcxproj", "{4258B8BF-F67B-4924-8416-6423E33CE1BD}"
EndProject
Project("{8BC9CEB8-8B4A-11D0-8D11-00A0C91BC942}") = "BKOscScrD2D", "BK\BKOscScrD2D\BKOscScrD2D.vcxproj", "{FE7BBD67-1CF6-44D0-A689-7E70EA74591E}"
EndProject
Project("{8BC9CEB8-8B4A-11D0-8D11-00A0C91BC942}") = "BKOscScrOGL", "BK\BKOscScrOGL\BKOscScrOGL.vcxproj", "{797A7F47-86C1-4E7A-9196-D838DD00EC03}"
EndProject
Project("{8BC9CEB8-8B4A-11D0-8D11-00A0C91BC942}") = "BKOscScrGDI", "BK\BKOscScrGDI\BKOscScrGDI.vcxproj", "{EFFB1635-FAF9-4EC3-910B-BC127381A155}"
EndProject
Project("{8BC9CEB8-8B4A-11D0-8D11-00A0C91BC942}") = "BKScreenD2D", "BK\BKScreenD2D\BKScreenD2D.vcxproj", "{C0C95037-1A91-4C2E-A82C-DC3ACE81AC27}"
EndProject
Project("{8BC9CEB8-8B4A-11D0-8D11-00A0C91BC942}") = "BKScreenD3D", "BK\BKScreenD3D11\BKScreenD3D.vcxproj", "{437735A9-B81C-44AD-92EF-22B51674CD9A}"
	ProjectSection(ProjectDependencies) = postProject
		{9532666E-D80B-4F1E-91EF-6F106BB7FB41} = {9532666E-D80B-4F1E-91EF-6F106BB7FB41}
	EndProjectSection
EndProject
Project("{8BC9CEB8-8B4A-11D0-8D11-00A0C91BC942}") = "DX11Err", "BK\DX11Err\DX11Err.vcxproj", "{9532666E-D80B-4F1E-91EF-6F106BB7FB41}"
EndProject
Project("{8BC9CEB8-8B4A-11D0-8D11-00A0C91BC942}") = "BKScreenDIB", "BK\BKScreenDIB\BKScreenDIB.vcxproj", "{011499FE-3378-42D0-9EBA-6C82BFA2EA6B}"
EndProject
Project("{8BC9CEB8-8B4A-11D0-8D11-00A0C91BC942}") = "BKScreenOGL", "BK\BKScreenOGL\BKScreenOGL.vcxproj", "{3427EDFC-2F49-49EC-A7E1-9C93E785B14F}"
EndProject
Project("{8BC9CEB8-8B4A-11D0-8D11-00A0C91BC942}") = "ITCPC", "ITCPC\ITCPC.vcxproj", "{8EFC78E2-DCA4-4500-86E2-65C76A5E5412}"
EndProject
Project("{8BC9CEB8-8B4A-11D0-8D11-00A0C91BC942}") = "BKHDDTool", "BKHDDTool\BKHDDTool.vcxproj", "{7ACF577D-6792-480D-B4E0-8953EC03027D}"
EndProject
Project("{2150E333-8FDC-42A3-9474-1A3956D46DE8}") = "BKDLLs", "BKDLLs", "{ACEAB555-FF29-455D-B5EF-777591B15E49}"
EndProject
Project("{8BC9CEB8-8B4A-11D0-8D11-00A0C91BC942}") = "BKDE", "BKDE\BKDE.vcxproj", "{DA5006CA-D7A0-4132-B72C-D994A7D8130D}"
EndProject
Global
	GlobalSection(SolutionConfigurationPlatforms) = preSolution
		Debug|Win32 = Debug|Win32
		Debug|x64 = Debug|x64
		Release_WinXP|Win32 = Release_WinXP|Win32
		Release_WinXP|x64 = Release_WinXP|x64
		Release|Win32 = Release|Win32
		Release|x64 = Release|x64
	EndGlobalSection
	GlobalSection(ProjectConfigurationPlatforms) = postSolution
		{89F58DA3-08A4-467E-8069-451083EE41BD}.Debug|Win32.ActiveCfg = Debug|Win32
		{89F58DA3-08A4-467E-8069-451083EE41BD}.Debug|Win32.Build.0 = Debug|Win32
		{89F58DA3-08A4-467E-8069-451083EE41BD}.Debug|x64.ActiveCfg = Debug|x64
		{89F58DA3-08A4-467E-8069-451083EE41BD}.Debug|x64.Build.0 = Debug|x64
		{89F58DA3-08A4-467E-8069-451083EE41BD}.Release_WinXP|Win32.ActiveCfg = Release_WinXP|Win32
		{89F58DA3-08A4-467E-8069-451083EE41BD}.Release_WinXP|Win32.Build.0 = Release_WinXP|Win32
		{89F58DA3-08A4-467E-8069-451083EE41BD}.Release_WinXP|x64.ActiveCfg = Release_WinXP|x64
		{89F58DA3-08A4-467E-8069-451083EE41BD}.Release_WinXP|x64.Build.0 = Release_WinXP|x64
		{89F58DA3-08A4-467E-8069-451083EE41BD}.Release|Win32.ActiveCfg = Release|Win32
		{89F58DA3-08A4-467E-8069-451083EE41BD}.Release|Win32.Build.0 = Release|Win32
		{89F58DA3-08A4-467E-8069-451083EE41BD}.Release|x64.ActiveCfg = Release|x64
		{89F58DA3-08A4-467E-8069-451083EE41BD}.Release|x64.Build.0 = Release|x64
		{4258B8BF-F67B-4924-8416-6423E33CE1BD}.Debug|Win32.ActiveCfg = Debug|Win32
		{4258B8BF-F67B-4924-8416-6423E33CE1BD}.Debug|Win32.Build.0 = Debug|Win32
		{4258B8BF-F67B-4924-8416-6423E33CE1BD}.Debug|x64.ActiveCfg = Debug|x64
		{4258B8BF-F67B-4924-8416-6423E33CE1BD}.Debug|x64.Build.0 = Debug|x64
		{4258B8BF-F67B-4924-8416-6423E33CE1BD}.Release_WinXP|Win32.ActiveCfg = Release_WinXP|Win32
		{4258B8BF-F67B-4924-8416-6423E33CE1BD}.Release_WinXP|Win32.Build.0 = Release_WinXP|Win32
		{4258B8BF-F67B-4924-8416-6423E33CE1BD}.Release_WinXP|x64.ActiveCfg = Release_WinXP|x64
		{4258B8BF-F67B-4924-8416-6423E33CE1BD}.Release_WinXP|x64.Build.0 = Release_WinXP|x64
		{4258B8BF-F67B-4924-8416-6423E33CE1BD}.Release|Win32.ActiveCfg = Release|Win32
		{4258B8BF-F67B-4924-8416-6423E33CE1BD}.Release|Win32.Build.0 = Release|Win32
		{4258B8BF-F67B-4924-8416-6423E33CE1BD}.Release|x64.ActiveCfg = Release|x64
		{4258B8BF-F67B-4924-8416-6423E33CE1BD}.Release|x64.Build.0 = Release|x64
		{FE7BBD67-1CF6-44D0-A689-7E70EA74591E}.Debug|Win32.ActiveCfg = Debug|Win32
		{FE7BBD67-1CF6-44D0-A689-7E70EA74591E}.Debug|Win32.Build.0 = Debug|Win32
		{FE7BBD67-1CF6-44D0-A689-7E70EA74591E}.Debug|x64.ActiveCfg = Debug|x64
		{FE7BBD67-1CF6-44D0-A689-7E70EA74591E}.Debug|x64.Build.0 = Debug|x64
		{FE7BBD67-1CF6-44D0-A689-7E70EA74591E}.Release_WinXP|Win32.ActiveCfg = Release_WinXP|Win32
		{FE7BBD67-1CF6-44D0-A689-7E70EA74591E}.Release_WinXP|Win32.Build.0 = Release_WinXP|Win32
		{FE7BBD67-1CF6-44D0-A689-7E70EA74591E}.Release_WinXP|x64.ActiveCfg = Release_WinXP|x64
		{FE7BBD67-1CF6-44D0-A689-7E70EA74591E}.Release_WinXP|x64.Build.0 = Release_WinXP|x64
		{FE7BBD67-1CF6-44D0-A689-7E70EA74591E}.Release|Win32.ActiveCfg = Release|Win32
		{FE7BBD67-1CF6-44D0-A689-7E70EA74591E}.Release|Win32.Build.0 = Release|Win32
		{FE7BBD67-1CF6-44D0-A689-7E70EA74591E}.Release|x64.ActiveCfg = Release|x64
		{FE7BBD67-1CF6-44D0-A689-7E70EA74591E}.Release|x64.Build.0 = Release|x64
		{797A7F47-86C1-4E7A-9196-D838DD00EC03}.Debug|Win32.ActiveCfg = Debug|Win32
		{797A7F47-86C1-4E7A-9196-D838DD00EC03}.Debug|Win32.Build.0 = Debug|Win32
		{797A7F47-86C1-4E7A-9196-D838DD00EC03}.Debug|x64.ActiveCfg = Debug|x64
		{797A7F47-86C1-4E7A-9196-D838DD00EC03}.Debug|x64.Build.0 = Debug|x64
		{797A7F47-86C1-4E7A-9196-D838DD00EC03}.Release_WinXP|Win32.ActiveCfg = Release_WinXP|Win32
		{797A7F47-86C1-4E7A-9196-D838DD00EC03}.Release_WinXP|Win32.Build.0 = Release_WinXP|Win32
		{797A7F47-86C1-4E7A-9196-D838DD00EC03}.Release_WinXP|x64.ActiveCfg = Release_WinXP|x64
		{797A7F47-86C1-4E7A-9196-D838DD00EC03}.Release_WinXP|x64.Build.0 = Release_WinXP|x64
		{797A7F47-86C1-4E7A-9196-D838DD00EC03}.Release|Win32.ActiveCfg = Release|Win32
		{797A7F47-86C1-4E7A-9196-D838DD00EC03}.Release|Win32.Build.0 = Release|Win32
		{797A7F47-86C1-4E7A-9196-D838DD00EC03}.Release|x64.ActiveCfg = Release|x64
		{797A7F47-86C1-4E7A-9196-D838DD00EC03}.Release|x64.Build.0 = Release|x64
		{EFFB1635-FAF9-4EC3-910B-BC127381A155}.Debug|Win32.ActiveCfg = Debug|Win32
		{EFFB1635-FAF9-4EC3-910B-BC127381A155}.Debug|Win32.Build.0 = Debug|Win32
		{EFFB1635-FAF9-4EC3-910B-BC127381A155}.Debug|x64.ActiveCfg = Debug|x64
		{EFFB1635-FAF9-4EC3-910B-BC127381A155}.Debug|x64.Build.0 = Debug|x64
		{EFFB1635-FAF9-4EC3-910B-BC127381A155}.Release_WinXP|Win32.ActiveCfg = Release_WinXP|Win32
		{EFFB1635-FAF9-4EC3-910B-BC127381A155}.Release_WinXP|Win32.Build.0 = Release_WinXP|Win32
		{EFFB1635-FAF9-4EC3-910B-BC127381A155}.Release_WinXP|x64.ActiveCfg = Release_WinXP|x64
		{EFFB1635-FAF9-4EC3-910B-BC127381A155}.Release_WinXP|x64.Build.0 = Release_WinXP|x64
		{EFFB1635-FAF9-4EC3-910B-BC127381A155}.Release|Win32.ActiveCfg = Release|Win32
		{EFFB1635-FAF9-4EC3-910B-BC127381A155}.Release|Win32.Build.0 = Release|Win32
		{EFFB1635-FAF9-4EC3-910B-BC127381A155}.Release|x64.ActiveCfg = Release|x64
		{EFFB1635-FAF9-4EC3-910B-BC127381A155}.Release|x64.Build.0 = Release|x64
		{C0C95037-1A91-4C2E-A82C-DC3ACE81AC27}.Debug|Win32.ActiveCfg = Debug|Win32
		{C0C95037-1A91-4C2E-A82C-DC3ACE81AC27}.Debug|Win32.Build.0 = Debug|Win32
		{C0C95037-1A91-4C2E-A82C-DC3ACE81AC27}.Debug|x64.ActiveCfg = Debug|x64
		{C0C95037-1A91-4C2E-A82C-DC3ACE81AC27}.Debug|x64.Build.0 = Debug|x64
		{C0C95037-1A91-4C2E-A82C-DC3ACE81AC27}.Release_WinXP|Win32.ActiveCfg = Release_WinXP|Win32
		{C0C95037-1A91-4C2E-A82C-DC3ACE81AC27}.Release_WinXP|Win32.Build.0 = Release_WinXP|Win32
		{C0C95037-1A91-4C2E-A82C-DC3ACE81AC27}.Release_WinXP|x64.ActiveCfg = Release_WinXP|x64
		{C0C95037-1A91-4C2E-A82C-DC3ACE81AC27}.Release_WinXP|x64.Build.0 = Release_WinXP|x64
		{C0C95037-1A91-4C2E-A82C-DC3ACE81AC27}.Release|Win32.ActiveCfg = Release|Win32
		{C0C95037-1A91-4C2E-A82C-DC3ACE81AC27}.Release|Win32.Build.0 = Release|Win32
		{C0C95037-1A91-4C2E-A82C-DC3ACE81AC27}.Release|x64.ActiveCfg = Release|x64
		{C0C95037-1A91-4C2E-A82C-DC3ACE81AC27}.Release|x64.Build.0 = Release|x64
		{437735A9-B81C-44AD-92EF-22B51674CD9A}.Debug|Win32.ActiveCfg = Debug|Win32
		{437735A9-B81C-44AD-92EF-22B51674CD9A}.Debug|Win32.Build.0 = Debug|Win32
		{437735A9-B81C-44AD-92EF-22B51674CD9A}.Debug|x64.ActiveCfg = Debug|x64
		{437735A9-B81C-44AD-92EF-22B51674CD9A}.Debug|x64.Build.0 = Debug|x64
		{437735A9-B81C-44AD-92EF-22B51674CD9A}.Release_WinXP|Win32.ActiveCfg = Release_WinXP|Win32
		{437735A9-B81C-44AD-92EF-22B51674CD9A}.Release_WinXP|Win32.Build.0 = Release_WinXP|Win32
		{437735A9-B81C-44AD-92EF-22B51674CD9A}.Release_WinXP|x64.ActiveCfg = Release_WinXP|x64
		{437735A9-B81C-44AD-92EF-22B51674CD9A}.Release_WinXP|x64.Build.0 = Release_WinXP|x64
		{437735A9-B81C-44AD-92EF-22B51674CD9A}.Release|Win32.ActiveCfg = Release|Win32
		{437735A9-B81C-44AD-92EF-22B51674CD9A}.Release|Win32.Build.0 = Release|Win32
		{437735A9-B81C-44AD-92EF-22B51674CD9A}.Release|x64.ActiveCfg = Release|x64
		{437735A9-B81C-44AD-92EF-22B51674CD9A}.Release|x64.Build.0 = Release|x64
		{9532666E-D80B-4F1E-91EF-6F106BB7FB41}.Debug|Win32.ActiveCfg = Debug|Win32
		{9532666E-D80B-4F1E-91EF-6F106BB7FB41}.Debug|Win32.Build.0 = Debug|Win32
		{9532666E-D80B-4F1E-91EF-6F106BB7FB41}.Debug|x64.ActiveCfg = Debug|x64
		{9532666E-D80B-4F1E-91EF-6F106BB7FB41}.Debug|x64.Build.0 = Debug|x64
		{9532666E-D80B-4F1E-91EF-6F106BB7FB41}.Release_WinXP|Win32.ActiveCfg = Release|Win32
		{9532666E-D80B-4F1E-91EF-6F106BB7FB41}.Release_WinXP|Win32.Build.0 = Release|Win32
		{9532666E-D80B-4F1E-91EF-6F106BB7FB41}.Release_WinXP|x64.ActiveCfg = Release|x64
		{9532666E-D80B-4F1E-91EF-6F106BB7FB41}.Release_WinXP|x64.Build.0 = Release|x64
		{9532666E-D80B-4F1E-91EF-6F106BB7FB41}.Release|Win32.ActiveCfg = Release|Win32
		{9532666E-D80B-4F1E-91EF-6F106BB7FB41}.Release|Win32.Build.0 = Release|Win32
		{9532666E-D80B-4F1E-91EF-6F106BB7FB41}.Release|x64.ActiveCfg = Release|x64
		{9532666E-D80B-4F1E-91EF-6F106BB7FB41}.Release|x64.Build.0 = Release|x64
		{011499FE-3378-42D0-9EBA-6C82BFA2EA6B}.Debug|Win32.ActiveCfg = Debug|Win32
		{011499FE-3378-42D0-9EBA-6C82BFA2EA6B}.Debug|Win32.Build.0 = Debug|Win32
		{011499FE-3378-42D0-9EBA-6C82BFA2EA6B}.Debug|x64.ActiveCfg = Debug|x64
		{011499FE-3378-42D0-9EBA-6C82BFA2EA6B}.Debug|x64.Build.0 = Debug|x64
		{011499FE-3378-42D0-9EBA-6C82BFA2EA6B}.Release_WinXP|Win32.ActiveCfg = Release_WinXP|Win32
		{011499FE-3378-42D0-9EBA-6C82BFA2EA6B}.Release_WinXP|Win32.Build.0 = Release_WinXP|Win32
		{011499FE-3378-42D0-9EBA-6C82BFA2EA6B}.Release_WinXP|x64.ActiveCfg = Release_WinXP|x64
		{011499FE-3378-42D0-9EBA-6C82BFA2EA6B}.Release_WinXP|x64.Build.0 = Release_WinXP|x64
		{011499FE-3378-42D0-9EBA-6C82BFA2EA6B}.Release|Win32.ActiveCfg = Release|Win32
		{011499FE-3378-42D0-9EBA-6C82BFA2EA6B}.Release|Win32.Build.0 = Release|Win32
		{011499FE-3378-42D0-9EBA-6C82BFA2EA6B}.Release|x64.ActiveCfg = Release|x64
		{011499FE-3378-42D0-9EBA-6C82BFA2EA6B}.Release|x64.Build.0 = Release|x64
		{3427EDFC-2F49-49EC-A7E1-9C93E785B14F}.Debug|Win32.ActiveCfg = Debug|Win32
		{3427EDFC-2F49-49EC-A7E1-9C93E785B14F}.Debug|Win32.Build.0 = Debug|Win32
		{3427EDFC-2F49-49EC-A7E1-9C93E785B14F}.Debug|x64.ActiveCfg = Debug|x64
		{3427EDFC-2F49-49EC-A7E1-9C93E785B14F}.Debug|x64.Build.0 = Debug|x64
		{3427EDFC-2F49-49EC-A7E1-9C93E785B14F}.Release_WinXP|Win32.ActiveCfg = Release_WinXP|Win32
		{3427EDFC-2F49-49EC-A7E1-9C93E785B14F}.Release_WinXP|Win32.Build.0 = Release_WinXP|Win32
		{3427EDFC-2F49-49EC-A7E1-9C93E785B14F}.Release_WinXP|x64.ActiveCfg = Release_WinXP|x64
		{3427EDFC-2F49-49EC-A7E1-9C93E785B14F}.Release_WinXP|x64.Build.0 = Release_WinXP|x64
		{3427EDFC-2F49-49EC-A7E1-9C93E785B14F}.Release|Win32.ActiveCfg = Release|Win32
		{3427EDFC-2F49-49EC-A7E1-9C93E785B14F}.Release|Win32.Build.0 = Release|Win32
		{3427EDFC-2F49-49EC-A7E1-9C93E785B14F}.Release|x64.ActiveCfg = Release|x64
		{3427EDFC-2F49-49EC-A7E1-9C93E785B14F}.Release|x64.Build.0 = Release|x64
		{8EFC78E2-DCA4-4500-86E2-65C76A5E5412}.Debug|Win32.ActiveCfg = Debug|Win32
		{8EFC78E2-DCA4-4500-86E2-65C76A5E5412}.Debug|Win32.Build.0 = Debug|Win32
		{8EFC78E2-DCA4-4500-86E2-65C76A5E5412}.Debug|x64.ActiveCfg = Debug|x64
		{8EFC78E2-DCA4-4500-86E2-65C76A5E5412}.Debug|x64.Build.0 = Debug|x64
		{8EFC78E2-DCA4-4500-86E2-65C76A5E5412}.Release_WinXP|Win32.ActiveCfg = Release_WinXP|Win32
		{8EFC78E2-DCA4-4500-86E2-65C76A5E5412}.Release_WinXP|Win32.Build.0 = Release_WinXP|Win32
		{8EFC78E2-DCA4-4500-86E2-65C76A5E5412}.Release_WinXP|x64.ActiveCfg = Release_WinXP|x64
		{8EFC78E2-DCA4-4500-86E2-65C76A5E5412}.Release_WinXP|x64.Build.0 = Release_WinXP|x64
		{8EFC78E2-DCA4-4500-86E2-65C76A5E5412}.Release|Win32.ActiveCfg = Release|Win32
		{8EFC78E2-DCA4-4500-86E2-65C76A5E5412}.Release|Win32.Build.0 = Release|Win32
		{8EFC78E2-DCA4-4500-86E2-65C76A5E5412}.Release|x64.ActiveCfg = Release|x64
		{8EFC78E2-DCA4-4500-86E2-65C76A5E5412}.Release|x64.Build.0 = Release|x64
		{7ACF577D-6792-480D-B4E0-8953EC03027D}.Debug|Win32.ActiveCfg = Debug|Win32
		{7ACF577D-6792-480D-B4E0-8953EC03027D}.Debug|Win32.Build.0 = Debug|Win32
		{7ACF577D-6792-480D-B4E0-8953EC03027D}.Debug|x64.ActiveCfg = Debug|x64
		{7ACF577D-6792-480D-B4E0-8953EC03027D}.Debug|x64.Build.0 = Debug|x64
		{7ACF577D-6792-480D-B4E0-8953EC03027D}.Release_WinXP|Win32.ActiveCfg = Release_WinXP|Win32
		{7ACF577D-6792-480D-B4E0-8953EC03027D}.Release_WinXP|Win32.Build.0 = Release_WinXP|Win32
		{7ACF577D-6792-480D-B4E0-8953EC03027D}.Release_WinXP|x64.ActiveCfg = Release_WinXP|x64
		{7ACF577D-6792-480D-B4E0-8953EC03027D}.Release_WinXP|x64.Build.0 = Release_WinXP|x64
		{7ACF577D-6792-480D-B4E0-8953EC03027D}.Release|Win32.ActiveCfg = Release|Win32
		{7ACF577D-6792-480D-B4E0-8953EC03027D}.Release|Win32.Build.0 = Release|Win32
		{7ACF577D-6792-480D-B4E0-8953EC03027D}.Release|x64.ActiveCfg = Release|x64
		{7ACF577D-6792-480D-B4E0-8953EC03027D}.Release|x64.Build.0 = Release|x64
		{DA5006CA-D7A0-4132-B72C-D994A7D8130D}.Debug|Win32.ActiveCfg = Debug|Win32
		{DA5006CA-D7A0-4132-B72C-D994A7D8130D}.Debug|Win32.Build.0 = Debug|Win32
		{DA5006CA-D7A0-4132-B72C-D994A7D8130D}.Debug|x64.ActiveCfg = Debug|x64
		{DA5006CA-D7A0-4132-B72C-D994A7D8130D}.Debug|x64.Build.0 = Debug|x64
		{DA5006CA-D7A0-4132-B72C-D994A7D8130D}.Release_WinXP|Win32.ActiveCfg = Release_WinXP|Win32
		{DA5006CA-D7A0-4132-B72C-D994A7D8130D}.Release_WinXP|Win32.Build.0 = Release_WinXP|Win32
		{DA5006CA-D7A0-4132-B72C-D994A7D8130D}.Release_WinXP|x64.ActiveCfg = Release_WinXP|x64
		{DA5006CA-D7A0-4132-B72C-D994A7D8130D}.Release_WinXP|x64.Build.0 = Release_WinXP|x64
		{DA5006CA-D7A0-4132-B72C-D994A7D8130D}.Release|Win32.ActiveCfg = Release|Win32
		{DA5006CA-D7A0-4132-B72C-D994A7D8130D}.Release|Win32.Build.0 = Release|Win32
		{DA5006CA-D7A0-4132-B72C-D994A7D8130D}.Release|x64.ActiveCfg = Release|x64
		{DA5006CA-D7A0-4132-B72C-D994A7D8130D}.Release|x64.Build.0 = Release|x64
	EndGlobalSection
	GlobalSection(SolutionProperties) = preSolution
		HideSolutionNode = FALSE
	EndGlobalSection
	GlobalSection(NestedProjects) = preSolution
		{FE7BBD67-1CF6-44D0-A689-7E70EA74591E} = {ACEAB555-FF29-455D-B5EF-777591B15E49}
		{797A7F47-86C1-4E7A-9196-D838DD00EC03} = {ACEAB555-FF29-455D-B5EF-777591B15E49}
		{EFFB1635-FAF9-4EC3-910B-BC127381A155} = {ACEAB555-FF29-455D-B5EF-777591B15E49}
		{C0C95037-1A91-4C2E-A82C-DC3ACE81AC27} = {ACEAB555-FF29-455D-B5EF-777591B15E49}
		{437735A9-B81C-44AD-92EF-22B51674CD9A} = {ACEAB555-FF29-455D-B5EF-777591B15E49}
		{9532666E-D80B-4F1E-91EF-6F106BB7FB41} = {ACEAB555-FF29-455D-B5EF-777591B15E49}
		{011499FE-3378-42D0-9EBA-6C82BFA2EA6B} = {ACEAB555-FF29-455D-B5EF-777591B15E49}
		{3427EDFC-2F49-49EC-A7E1-9C93E785B14F} = {ACEAB555-FF29-455D-B5EF-777591B15E49}
	EndGlobalSection
	GlobalSection(ExtensibilityGlobals) = postSolution
		SolutionGuid = {3A885AD3-01C8-403D-A119-E296F305755D}
	EndGlobalSection
EndGlobal
